version = 1
revision = 3
requires-python = ">=3.14"

[[package]]
name = "bytetok"
version = "0.1.0"
source = { editable = "." }
dependencies = [
    { name = "regex" },
]

[package.dev-dependencies]
dev = [
    { name = "maturin" },
]

[package.metadata]
requires-dist = [{ name = "regex", specifier = ">=2026.1.15" }]

[package.metadata.requires-dev]
dev = [{ name = "maturin", specifier = ">=1.11.5" }]

[[package]]
name = "maturin"
version = "1.11.5"
source = { registry = "https://pypi.org/simple" }
sdist = { url = "https://files.pythonhosted.org/packages/a4/84/bfed8cc10e2d8b6656cf0f0ca6609218e6fcb45a62929f5094e1063570f7/maturin-1.11.5.tar.gz", hash = "sha256:7579cf47640fb9595a19fe83a742cbf63203f0343055c349c1cab39045a30c29", size = 226885, upload-time = "2026-01-09T11:06:13.801Z" }
wheels = [
    { url = "https://files.pythonhosted.org/packages/d2/6c/3443d2f8c6d4eae5fc7479cd4053542aff4c1a8566d0019d0612d241b15a/maturin-1.11.5-py3-none-linux_armv6l.whl", hash = "sha256:edd1d4d35050ea2b9ef42aa01e87fe019a1e822940346b35ccb973e0aa8f6d82", size = 8845897, upload-time = "2026-01-09T11:06:17.327Z" },
    { url = "https://files.pythonhosted.org/packages/c5/03/abf1826d8aebc0d47ef6d21bdd752d98d63ac4372ad2b115db9cd5176229/maturin-1.11.5-py3-none-macosx_10_12_x86_64.macosx_11_0_arm64.macosx_10_12_universal2.whl", hash = "sha256:2a596eab137cb3e169b97e89a739515abfa7a8755e2e5f0fc91432ef446f74f4", size = 17233855, upload-time = "2026-01-09T11:06:04.272Z" },
    { url = "https://files.pythonhosted.org/packages/90/a1/5ad62913271724035a7e4bcf796d7c95b4119317ae5f8cb034844aa99bc4/maturin-1.11.5-py3-none-macosx_10_12_x86_64.whl", hash = "sha256:1c27a2eb47821edf26c75d100b3150b52dca2c1a5f074d7514af06f7a7acb9d5", size = 8881776, upload-time = "2026-01-09T11:06:10.24Z" },
    { url = "https://files.pythonhosted.org/packages/c6/66/997974b44f8d3de641281ec04fbf5b6ca821bdc8291a2fa73305978db74d/maturin-1.11.5-py3-none-manylinux_2_12_i686.manylinux2010_i686.musllinux_1_1_i686.whl", hash = "sha256:f1320dacddcd3aa84a4bdfc77ee6fdb60e4c3835c853d7eb79c09473628b0498", size = 8870347, upload-time = "2026-01-09T11:06:12.178Z" },
    { url = "https://files.pythonhosted.org/packages/58/e0/c8fa042daf0608cc2e9a59b6df3a9e287bfc7f229136f17727f4118bac2d/maturin-1.11.5-py3-none-manylinux_2_12_x86_64.manylinux2010_x86_64.musllinux_1_1_x86_64.whl", hash = "sha256:ffe7418834ff3b4a6c987187b7abb85ba033f4733e089d77d84e2de87057b4e7", size = 9291396, upload-time = "2026-01-09T11:06:02.05Z" },
    { url = "https://files.pythonhosted.org/packages/99/af/9d3edc8375efc8d435d5f24794bc4de234d4e743447592da970d53b31361/maturin-1.11.5-py3-none-manylinux_2_17_aarch64.manylinux2014_aarch64.musllinux_1_1_aarch64.whl", hash = "sha256:c739b243d012386902f112ea63a54a94848932b70ae3565fa5e121fd1c0200e0", size = 8827831, upload-time = "2026-01-09T11:06:19.523Z" },
    { url = "https://files.pythonhosted.org/packages/8a/12/cc341f6abbf9005f90935a4ee5dc7b30e2df7d1bb90b96d48b756b2c0ee7/maturin-1.11.5-py3-none-manylinux_2_17_armv7l.manylinux2014_armv7l.musllinux_1_1_armv7l.whl", hash = "sha256:8127d2cd25950bacbcdc8a2ec6daab1d4d27200f7d73964392680ad64d27f7f0", size = 8718895, upload-time = "2026-01-09T11:06:21.617Z" },
    { url = "https://files.pythonhosted.org/packages/76/17/654a59c66287e287373f2a0086e4fc8a23f0545a81c2bd6e324db26a5801/maturin-1.11.5-py3-none-manylinux_2_17_ppc64le.manylinux2014_ppc64le.musllinux_1_1_ppc64le.whl", hash = "sha256:2a4e872fb78e77748217084ffeb59de565d08a86ccefdace054520aaa7b66db4", size = 11384741, upload-time = "2026-01-09T11:06:15.261Z" },
    { url = "https://files.pythonhosted.org/packages/2e/da/7118de648182971d723ea99d79c55007f96cdafc95f5322cc1ad15f6683e/maturin-1.11.5-py3-none-manylinux_2_17_s390x.manylinux2014_s390x.whl", hash = "sha256:2079447967819b5cf615e5b5b99a406d662effdc8d6afd493dcd253c6afc3707", size = 9423814, upload-time = "2026-01-09T11:05:57.242Z" },
    { url = "https://files.pythonhosted.org/packages/cf/8f/be14395c6e23b19ddaa0c171e68915bdcd1ef61ad1f411739c6721196903/maturin-1.11.5-py3-none-manylinux_2_31_riscv64.whl", hash = "sha256:50f6c668c1d5d4d4dc1c3ffec7b4270dab493e5b2368f8e4213f4bcde6a50eea", size = 9104378, upload-time = "2026-01-09T11:05:59.835Z" },
    { url = "https://files.pythonhosted.org/packages/77/83/53ea82a2f42a03930ea5545673d11a4ef49bb886827353a701f41a5f11c4/maturin-1.11.5-py3-none-win32.whl", hash = "sha256:49f85ce6cbe478e9743ecddd6da2964afc0ded57013aa4d054256be702d23d40", size = 7738696, upload-time = "2026-01-09T11:06:06.651Z" },
    { url = "https://files.pythonhosted.org/packages/3c/41/353a26d49aa80081c514a6354d429efbecedb90d0153ec598cece3baa607/maturin-1.11.5-py3-none-win_amd64.whl", hash = "sha256:70d3e5beffb9ef9dfae5f3c1a7eeb572091505eb8cb076e9434518df1c42a73b", size = 9029838, upload-time = "2026-01-09T11:05:54.543Z" },
    { url = "https://files.pythonhosted.org/packages/15/67/c94f8f5440bc42d54113a2d99de0d6107f06b5a33f31823e52b2715d856f/maturin-1.11.5-py3-none-win_arm64.whl", hash = "sha256:9348f7f0a346108e0c96e6719be91da4470bd43c15802435e9f4157f5cca43d4", size = 7624029, upload-time = "2026-01-09T11:06:08.728Z" },
]

[[package]]
name = "regex"
version = "2026.1.15"
source = { registry = "https://pypi.org/simple" }
sdist = { url = "https://files.pythonhosted.org/packages/0b/86/07d5056945f9ec4590b518171c4254a5925832eb727b56d3c38a7476f316/regex-2026.1.15.tar.gz", hash = "sha256:164759aa25575cbc0651bef59a0b18353e54300d79ace8084c818ad8ac72b7d5", size = 414811, upload-time = "2026-01-14T23:18:02.775Z" }
wheels = [
    { url = "https://files.pythonhosted.org/packages/52/0a/47fa888ec7cbbc7d62c5f2a6a888878e76169170ead271a35239edd8f0e8/regex-2026.1.15-cp314-cp314-macosx_10_13_universal2.whl", hash = "sha256:d920392a6b1f353f4aa54328c867fec3320fa50657e25f64abf17af054fc97ac", size = 489170, upload-time = "2026-01-14T23:16:19.835Z" },
    { url = "https://files.pythonhosted.org/packages/ac/c4/d000e9b7296c15737c9301708e9e7fbdea009f8e93541b6b43bdb8219646/regex-2026.1.15-cp314-cp314-macosx_10_13_x86_64.whl", hash = "sha256:b5a28980a926fa810dbbed059547b02783952e2efd9c636412345232ddb87ff6", size = 291146, upload-time = "2026-01-14T23:16:21.541Z" },
    { url = "https://files.pythonhosted.org/packages/f9/b6/921cc61982e538682bdf3bdf5b2c6ab6b34368da1f8e98a6c1ddc503c9cf/regex-2026.1.15-cp314-cp314-macosx_11_0_arm64.whl", hash = "sha256:621f73a07595d83f28952d7bd1e91e9d1ed7625fb7af0064d3516674ec93a2a2", size = 288986, upload-time = "2026-01-14T23:16:23.381Z" },
    { url = "https://files.pythonhosted.org/packages/ca/33/eb7383dde0bbc93f4fb9d03453aab97e18ad4024ac7e26cef8d1f0a2cff0/regex-2026.1.15-cp314-cp314-manylinux2014_aarch64.manylinux_2_17_aarch64.manylinux_2_28_aarch64.whl", hash = "sha256:3d7d92495f47567a9b1669c51fc8d6d809821849063d168121ef801bbc213846", size = 799098, upload-time = "2026-01-14T23:16:25.088Z" },
    { url = "https://files.pythonhosted.org/packages/27/56/b664dccae898fc8d8b4c23accd853f723bde0f026c747b6f6262b688029c/regex-2026.1.15-cp314-cp314-manylinux2014_ppc64le.manylinux_2_17_ppc64le.manylinux_2_28_ppc64le.whl", hash = "sha256:8dd16fba2758db7a3780a051f245539c4451ca20910f5a5e6ea1c08d06d4a76b", size = 864980, upload-time = "2026-01-14T23:16:27.297Z" },
    { url = "https://files.pythonhosted.org/packages/16/40/0999e064a170eddd237bae9ccfcd8f28b3aa98a38bf727a086425542a4fc/regex-2026.1.15-cp314-cp314-manylinux2014_s390x.manylinux_2_17_s390x.manylinux_2_28_s390x.whl", hash = "sha256:1e1808471fbe44c1a63e5f577a1d5f02fe5d66031dcbdf12f093ffc1305a858e", size = 911607, upload-time = "2026-01-14T23:16:29.235Z" },
    { url = "https://files.pythonhosted.org/packages/07/78/c77f644b68ab054e5a674fb4da40ff7bffb2c88df58afa82dbf86573092d/regex-2026.1.15-cp314-cp314-manylinux2014_x86_64.manylinux_2_17_x86_64.manylinux_2_28_x86_64.whl", hash = "sha256:0751a26ad39d4f2ade8fe16c59b2bf5cb19eb3d2cd543e709e583d559bd9efde", size = 803358, upload-time = "2026-01-14T23:16:31.369Z" },
    { url = "https://files.pythonhosted.org/packages/27/31/d4292ea8566eaa551fafc07797961c5963cf5235c797cc2ae19b85dfd04d/regex-2026.1.15-cp314-cp314-manylinux_2_31_riscv64.manylinux_2_39_riscv64.whl", hash = "sha256:0f0c7684c7f9ca241344ff95a1de964f257a5251968484270e91c25a755532c5", size = 775833, upload-time = "2026-01-14T23:16:33.141Z" },
    { url = "https://files.pythonhosted.org/packages/ce/b2/cff3bf2fea4133aa6fb0d1e370b37544d18c8350a2fa118c7e11d1db0e14/regex-2026.1.15-cp314-cp314-musllinux_1_2_aarch64.whl", hash = "sha256:74f45d170a21df41508cb67165456538425185baaf686281fa210d7e729abc34", size = 788045, upload-time = "2026-01-14T23:16:35.005Z" },
    { url = "https://files.pythonhosted.org/packages/8d/99/2cb9b69045372ec877b6f5124bda4eb4253bc58b8fe5848c973f752bc52c/regex-2026.1.15-cp314-cp314-musllinux_1_2_ppc64le.whl", hash = "sha256:f1862739a1ffb50615c0fde6bae6569b5efbe08d98e59ce009f68a336f64da75", size = 859374, upload-time = "2026-01-14T23:16:36.919Z" },
    { url = "https://files.pythonhosted.org/packages/09/16/710b0a5abe8e077b1729a562d2f297224ad079f3a66dce46844c193416c8/regex-2026.1.15-cp314-cp314-musllinux_1_2_riscv64.whl", hash = "sha256:453078802f1b9e2b7303fb79222c054cb18e76f7bdc220f7530fdc85d319f99e", size = 763940, upload-time = "2026-01-14T23:16:38.685Z" },
    { url = "https://files.pythonhosted.org/packages/dd/d1/7585c8e744e40eb3d32f119191969b91de04c073fca98ec14299041f6e7e/regex-2026.1.15-cp314-cp314-musllinux_1_2_s390x.whl", hash = "sha256:a30a68e89e5a218b8b23a52292924c1f4b245cb0c68d1cce9aec9bbda6e2c160", size = 850112, upload-time = "2026-01-14T23:16:40.646Z" },
    { url = "https://files.pythonhosted.org/packages/af/d6/43e1dd85df86c49a347aa57c1f69d12c652c7b60e37ec162e3096194a278/regex-2026.1.15-cp314-cp314-musllinux_1_2_x86_64.whl", hash = "sha256:9479cae874c81bf610d72b85bb681a94c95722c127b55445285fb0e2c82db8e1", size = 789586, upload-time = "2026-01-14T23:16:42.799Z" },
    { url = "https://files.pythonhosted.org/packages/93/38/77142422f631e013f316aaae83234c629555729a9fbc952b8a63ac91462a/regex-2026.1.15-cp314-cp314-win32.whl", hash = "sha256:d639a750223132afbfb8f429c60d9d318aeba03281a5f1ab49f877456448dcf1", size = 271691, upload-time = "2026-01-14T23:16:44.671Z" },
    { url = "https://files.pythonhosted.org/packages/4a/a9/ab16b4649524ca9e05213c1cdbb7faa85cc2aa90a0230d2f796cbaf22736/regex-2026.1.15-cp314-cp314-win_amd64.whl", hash = "sha256:4161d87f85fa831e31469bfd82c186923070fc970b9de75339b68f0c75b51903", size = 280422, upload-time = "2026-01-14T23:16:46.607Z" },
    { url = "https://files.pythonhosted.org/packages/be/2a/20fd057bf3521cb4791f69f869635f73e0aaf2b9ad2d260f728144f9047c/regex-2026.1.15-cp314-cp314-win_arm64.whl", hash = "sha256:91c5036ebb62663a6b3999bdd2e559fd8456d17e2b485bf509784cd31a8b1705", size = 273467, upload-time = "2026-01-14T23:16:48.967Z" },
    { url = "https://files.pythonhosted.org/packages/ad/77/0b1e81857060b92b9cad239104c46507dd481b3ff1fa79f8e7f865aae38a/regex-2026.1.15-cp314-cp314t-macosx_10_13_universal2.whl", hash = "sha256:ee6854c9000a10938c79238de2379bea30c82e4925a371711af45387df35cab8", size = 492073, upload-time = "2026-01-14T23:16:51.154Z" },
    { url = "https://files.pythonhosted.org/packages/70/f3/f8302b0c208b22c1e4f423147e1913fd475ddd6230565b299925353de644/regex-2026.1.15-cp314-cp314t-macosx_10_13_x86_64.whl", hash = "sha256:2c2b80399a422348ce5de4fe40c418d6299a0fa2803dd61dc0b1a2f28e280fcf", size = 292757, upload-time = "2026-01-14T23:16:53.08Z" },
    { url = "https://files.pythonhosted.org/packages/bf/f0/ef55de2460f3b4a6da9d9e7daacd0cb79d4ef75c64a2af316e68447f0df0/regex-2026.1.15-cp314-cp314t-macosx_11_0_arm64.whl", hash = "sha256:dca3582bca82596609959ac39e12b7dad98385b4fefccb1151b937383cec547d", size = 291122, upload-time = "2026-01-14T23:16:55.383Z" },
    { url = "https://files.pythonhosted.org/packages/cf/55/bb8ccbacabbc3a11d863ee62a9f18b160a83084ea95cdfc5d207bfc3dd75/regex-2026.1.15-cp314-cp314t-manylinux2014_aarch64.manylinux_2_17_aarch64.manylinux_2_28_aarch64.whl", hash = "sha256:ef71d476caa6692eea743ae5ea23cde3260677f70122c4d258ca952e5c2d4e84", size = 807761, upload-time = "2026-01-14T23:16:57.251Z" },
    { url = "https://files.pythonhosted.org/packages/8f/84/f75d937f17f81e55679a0509e86176e29caa7298c38bd1db7ce9c0bf6075/regex-2026.1.15-cp314-cp314t-manylinux2014_ppc64le.manylinux_2_17_ppc64le.manylinux_2_28_ppc64le.whl", hash = "sha256:c243da3436354f4af6c3058a3f81a97d47ea52c9bd874b52fd30274853a1d5df", size = 873538, upload-time = "2026-01-14T23:16:59.349Z" },
    { url = "https://files.pythonhosted.org/packages/b8/d9/0da86327df70349aa8d86390da91171bd3ca4f0e7c1d1d453a9c10344da3/regex-2026.1.15-cp314-cp314t-manylinux2014_s390x.manylinux_2_17_s390x.manylinux_2_28_s390x.whl", hash = "sha256:8355ad842a7c7e9e5e55653eade3b7d1885ba86f124dd8ab1f722f9be6627434", size = 915066, upload-time = "2026-01-14T23:17:01.607Z" },
    { url = "https://files.pythonhosted.org/packages/2a/5e/f660fb23fc77baa2a61aa1f1fe3a4eea2bbb8a286ddec148030672e18834/regex-2026.1.15-cp314-cp314t-manylinux2014_x86_64.manylinux_2_17_x86_64.manylinux_2_28_x86_64.whl", hash = "sha256:f192a831d9575271a22d804ff1a5355355723f94f31d9eef25f0d45a152fdc1a", size = 812938, upload-time = "2026-01-14T23:17:04.366Z" },
    { url = "https://files.pythonhosted.org/packages/69/33/a47a29bfecebbbfd1e5cd3f26b28020a97e4820f1c5148e66e3b7d4b4992/regex-2026.1.15-cp314-cp314t-manylinux_2_31_riscv64.manylinux_2_39_riscv64.whl", hash = "sha256:166551807ec20d47ceaeec380081f843e88c8949780cd42c40f18d16168bed10", size = 781314, upload-time = "2026-01-14T23:17:06.378Z" },
    { url = "https://files.pythonhosted.org/packages/65/ec/7ec2bbfd4c3f4e494a24dec4c6943a668e2030426b1b8b949a6462d2c17b/regex-2026.1.15-cp314-cp314t-musllinux_1_2_aarch64.whl", hash = "sha256:f9ca1cbdc0fbfe5e6e6f8221ef2309988db5bcede52443aeaee9a4ad555e0dac", size = 795652, upload-time = "2026-01-14T23:17:08.521Z" },
    { url = "https://files.pythonhosted.org/packages/46/79/a5d8651ae131fe27d7c521ad300aa7f1c7be1dbeee4d446498af5411b8a9/regex-2026.1.15-cp314-cp314t-musllinux_1_2_ppc64le.whl", hash = "sha256:b30bcbd1e1221783c721483953d9e4f3ab9c5d165aa709693d3f3946747b1aea", size = 868550, upload-time = "2026-01-14T23:17:10.573Z" },
    { url = "https://files.pythonhosted.org/packages/06/b7/25635d2809664b79f183070786a5552dd4e627e5aedb0065f4e3cf8ee37d/regex-2026.1.15-cp314-cp314t-musllinux_1_2_riscv64.whl", hash = "sha256:2a8d7b50c34578d0d3bf7ad58cde9652b7d683691876f83aedc002862a35dc5e", size = 769981, upload-time = "2026-01-14T23:17:12.871Z" },
    { url = "https://files.pythonhosted.org/packages/16/8b/fc3fcbb2393dcfa4a6c5ffad92dc498e842df4581ea9d14309fcd3c55fb9/regex-2026.1.15-cp314-cp314t-musllinux_1_2_s390x.whl", hash = "sha256:9d787e3310c6a6425eb346be4ff2ccf6eece63017916fd77fe8328c57be83521", size = 854780, upload-time = "2026-01-14T23:17:14.837Z" },
    { url = "https://files.pythonhosted.org/packages/d0/38/dde117c76c624713c8a2842530be9c93ca8b606c0f6102d86e8cd1ce8bea/regex-2026.1.15-cp314-cp314t-musllinux_1_2_x86_64.whl", hash = "sha256:619843841e220adca114118533a574a9cd183ed8a28b85627d2844c500a2b0db", size = 799778, upload-time = "2026-01-14T23:17:17.369Z" },
    { url = "https://files.pythonhosted.org/packages/e3/0d/3a6cfa9ae99606afb612d8fb7a66b245a9d5ff0f29bb347c8a30b6ad561b/regex-2026.1.15-cp314-cp314t-win32.whl", hash = "sha256:e90b8db97f6f2c97eb045b51a6b2c5ed69cedd8392459e0642d4199b94fabd7e", size = 274667, upload-time = "2026-01-14T23:17:19.301Z" },
    { url = "https://files.pythonhosted.org/packages/5b/b2/297293bb0742fd06b8d8e2572db41a855cdf1cae0bf009b1cb74fe07e196/regex-2026.1.15-cp314-cp314t-win_amd64.whl", hash = "sha256:5ef19071f4ac9f0834793af85bd04a920b4407715624e40cb7a0631a11137cdf", size = 284386, upload-time = "2026-01-14T23:17:21.231Z" },
    { url = "https://files.pythonhosted.org/packages/95/e4/a3b9480c78cf8ee86626cb06f8d931d74d775897d44201ccb813097ae697/regex-2026.1.15-cp314-cp314t-win_arm64.whl", hash = "sha256:ca89c5e596fc05b015f27561b3793dc2fa0917ea0d7507eebb448efd35274a70", size = 274837, upload-time = "2026-01-14T23:17:23.146Z" },
]
